
Microsoft Visual Studio Solution File, Format Version 12.00
# Visual Studio Version 16
VisualStudioVersion = 16.0.33027.164
MinimumVisualStudioVersion = 10.0.40219.1
Project("{FAE04EC0-301F-11D3-BF4B-00C04F79EFBC}") = "OtelForm", "OtelForm.csproj", "{FB77BF4C-EBF4-44BA-A4C4-74C0EBD9F979}"
EndProject
Global
	GlobalSection(SolutionConfigurationPlatforms) = preSolution
		Debug|Any CPU = Debug|Any CPU
		Release|Any CPU = Release|Any CPU
	EndGlobalSection
	GlobalSection(ProjectConfigurationPlatforms) = postSolution
		{FB77BF4C-EBF4-44BA-A4C4-74C0EBD9F979}.Debug|Any CPU.ActiveCfg = Debug|Any CPU
		{FB77BF4C-EBF4-44BA-A4C4-74C0EBD9F979}.Debug|Any CPU.Build.0 = Debug|Any CPU
		{FB77BF4C-EBF4-44BA-A4C4-74C0EBD9F979}.Release|Any CPU.ActiveCfg = Release|Any CPU
		{FB77BF4C-EBF4-44BA-A4C4-74C0EBD9F979}.Release|Any CPU.Build.0 = Release|Any CPU
	EndGlobalSection
	GlobalSection(SolutionProperties) = preSolution
		HideSolutionNode = FALSE
	EndGlobalSection
	GlobalSection(ExtensibilityGlobals) = postSolution
		SolutionGuid = {FC2A0C2C-64EB-412E-97FF-535AD9E78E97}
	EndGlobalSection
EndGlobal
